PODS:
  - Alamofire (5.4.4)
  - Kingfisher (7.1.2)
  - MarkdownKit (1.7.1)

DEPENDENCIES:
  - Alamofire (~> 5.4)
  - Kingfisher (~> 7.0)
  - MarkdownKit

SPEC REPOS:
  trunk:
    - Alamofire
    - Kingfisher
    - MarkdownKit

SPEC CHECKSUMS:
  Alamofire: f3b09a368f1582ab751b3fff5460276e0d2cf5c9
  Kingfisher: 44ed6a8504763f27bab46163adfac83f5deb240c
  MarkdownKit: 0b15195c63cf3e39387949c4bdeccde0055e252a

PODFILE CHECKSUM: c3fb3d8b30e9fe1df8f236e23736f67431226748

COCOAPODS: 1.11.2
